
Microsoft Visual Studio Solution File, Format Version 12.00
# Visual Studio 2013
VisualStudioVersion = 12.0.40629.0
MinimumVisualStudioVersion = 10.0.40219.1
Project("{2150E333-8FDC-42A3-9474-1A3956D46DE8}") = "PatternDemo", "PatternDemo", "{45C277D8-A6F7-4B92-9C3E-EAD36980A64E}"
EndProject
Project("{FAE04EC0-301F-11D3-BF4B-00C04F79EFBC}") = "_01简单工厂模式", "PatternDemo\_01简单工厂模式\_01简单工厂模式.csproj", "{A1CE439E-E86C-4A38-A93A-B71216EAF8EB}"
EndProject
Project("{FAE04EC0-301F-11D3-BF4B-00C04F79EFBC}") = "_02策略模式", "PatternDemo\_02策略模式\_02策略模式.csproj", "{62E879D6-6F4D-4187-BE40-8F06B6B12B90}"
EndProject
Project("{FAE04EC0-301F-11D3-BF4B-00C04F79EFBC}") = "_03装饰模式", "PatternDemo\_03装饰模式\_03装饰模式.csproj", "{109BBD4A-8108-44F9-B84E-4D072596B195}"
EndProject
Project("{FAE04EC0-301F-11D3-BF4B-00C04F79EFBC}") = "_04代理模式", "PatternDemo\_04代理模式\_04代理模式.csproj", "{5857594E-0BD7-4A74-B660-B796813C021D}"
EndProject
Project("{FAE04EC0-301F-11D3-BF4B-00C04F79EFBC}") = "_05工厂方法模式", "PatternDemo\_05工厂方法模式\_05工厂方法模式.csproj", "{D13F2CD6-40D9-4FED-85E6-978E0783DBA3}"
EndProject
Project("{FAE04EC0-301F-11D3-BF4B-00C04F79EFBC}") = "_06原型模式", "PatternDemo\_06原型模式\_06原型模式.csproj", "{92660DA5-647C-4BE6-A7DA-9A38EA334B39}"
EndProject
Project("{FAE04EC0-301F-11D3-BF4B-00C04F79EFBC}") = "_07模板方法模式", "PatternDemo\_07模板方法模式\_07模板方法模式.csproj", "{E8578B38-AC86-478E-A681-77D1262DB2B1}"
EndProject
Project("{FAE04EC0-301F-11D3-BF4B-00C04F79EFBC}") = "_08外观模式", "PatternDemo\_08外观模式\_08外观模式.csproj", "{40FF8711-B8AB-4F41-98AF-E52E4A9DAFDE}"
EndProject
Project("{FAE04EC0-301F-11D3-BF4B-00C04F79EFBC}") = "_09建造者模式", "PatternDemo\_09建造者模式\_09建造者模式.csproj", "{FC401B04-1A27-4568-A2D9-CACD3971DCD8}"
EndProject
Project("{FAE04EC0-301F-11D3-BF4B-00C04F79EFBC}") = "_10观察者模式", "PatternDemo\_10观察者模式\_10观察者模式.csproj", "{497B22AC-C64A-430B-8A5B-37D2FDBED2A1}"
EndProject
Project("{FAE04EC0-301F-11D3-BF4B-00C04F79EFBC}") = "_11抽象工厂模式", "PatternDemo\_11抽象工厂模式\_11抽象工厂模式.csproj", "{E4D69F58-36C1-4890-8150-3D30C8098446}"
EndProject
Project("{FAE04EC0-301F-11D3-BF4B-00C04F79EFBC}") = "_11抽象工厂模式Demo", "PatternDemo\_11抽象工厂模式Demo\_11抽象工厂模式Demo.csproj", "{207E3845-5B9E-4BDE-8221-86776858A677}"
EndProject
Project("{FAE04EC0-301F-11D3-BF4B-00C04F79EFBC}") = "_12状态模式", "PatternDemo\_12状态模式\_12状态模式.csproj", "{74899866-BA64-4DEB-BB44-A85C7309271F}"
EndProject
Project("{FAE04EC0-301F-11D3-BF4B-00C04F79EFBC}") = "_13适配器模式", "PatternDemo\_13适配器模式\_13适配器模式.csproj", "{4BECBCE0-B123-481B-B786-56114D25BE60}"
EndProject
Project("{FAE04EC0-301F-11D3-BF4B-00C04F79EFBC}") = "_14备忘录模式", "PatternDemo\_14备忘录模式\_14备忘录模式.csproj", "{D2CA67A7-9B1E-4949-8014-3795124D0093}"
EndProject
Project("{FAE04EC0-301F-11D3-BF4B-00C04F79EFBC}") = "_15组合模式", "PatternDemo\_15组合模式\_15组合模式.csproj", "{CBCE9E64-FF0B-48A2-8FF4-6E7C62067C3E}"
EndProject
Project("{FAE04EC0-301F-11D3-BF4B-00C04F79EFBC}") = "_16迭代器模式", "PatternDemo\_16迭代器模式\_16迭代器模式.csproj", "{695BF109-CE29-4CD0-835D-E97EB3866D29}"
EndProject
Project("{FAE04EC0-301F-11D3-BF4B-00C04F79EFBC}") = "_17单例模式", "PatternDemo\_17单例模式\_17单例模式.csproj", "{A1CC283A-037E-471C-BE10-3C96ACEE922A}"
EndProject
Project("{FAE04EC0-301F-11D3-BF4B-00C04F79EFBC}") = "_18桥接模式", "PatternDemo\_18桥接模式\_18桥接模式.csproj", "{3A5E72FD-CADF-4F86-B3D2-F8B96F734BA5}"
EndProject
Project("{FAE04EC0-301F-11D3-BF4B-00C04F79EFBC}") = "_19命令模式", "PatternDemo\_19命令模式\_19命令模式.csproj", "{24CFC372-8AFE-41F9-A8B9-1C983392E9CE}"
EndProject
Project("{FAE04EC0-301F-11D3-BF4B-00C04F79EFBC}") = "_20职责链模式", "PatternDemo\_20职责链模式\_20职责链模式.csproj", "{A6A9B6F0-565D-4295-A184-295353CDC551}"
EndProject
Project("{FAE04EC0-301F-11D3-BF4B-00C04F79EFBC}") = "_21中介者模式", "PatternDemo\_21中介者模式\_21中介者模式.csproj", "{58A4EA33-5676-4D86-B28E-92FE4D2A1678}"
EndProject
Project("{FAE04EC0-301F-11D3-BF4B-00C04F79EFBC}") = "_22享元模式", "PatternDemo\_22享元模式\_22享元模式.csproj", "{C08F229E-23A8-4360-9388-82A732B38108}"
EndProject
Project("{FAE04EC0-301F-11D3-BF4B-00C04F79EFBC}") = "_23解释器模式", "PatternDemo\_23解释器模式\_23解释器模式.csproj", "{453ECF27-558C-4EB5-BF6A-B325D0703103}"
EndProject
Project("{FAE04EC0-301F-11D3-BF4B-00C04F79EFBC}") = "_24访问者模式", "PatternDemo\_24访问者模式\_24访问者模式.csproj", "{DF7E6B6A-FA4C-45EE-A449-2862CD44BB05}"
EndProject
Project("{2150E333-8FDC-42A3-9474-1A3956D46DE8}") = "OAuth2.0", "OAuth2.0", "{4F0E835E-0BE4-47A6-A3AA-01C49FD11056}"
EndProject
Project("{FAE04EC0-301F-11D3-BF4B-00C04F79EFBC}") = "Mstm.OAuth.Core", "OAuth2.0\Mstm.OAuth.Core\Mstm.OAuth.Core.csproj", "{DF73C042-4C7E-4B96-81C9-515F6CCB5494}"
EndProject
Project("{FAE04EC0-301F-11D3-BF4B-00C04F79EFBC}") = "Mstm.OAuth.QQ", "OAuth2.0\Mstm.OAuth.QQ\Mstm.OAuth.QQ.csproj", "{BEF790F7-BA17-4380-B660-9E23B0189E5B}"
EndProject
Project("{FAE04EC0-301F-11D3-BF4B-00C04F79EFBC}") = "Mstm.OAuth.Weibo", "OAuth2.0\Mstm.OAuth.Weibo\Mstm.OAuth.Weibo.csproj", "{B6BC711B-207E-4F27-AA94-E61AF7EC301D}"
EndProject
Project("{2150E333-8FDC-42A3-9474-1A3956D46DE8}") = "RedPacket", "RedPacket", "{0607AEBA-E6CE-4F69-8B1C-FBED8EC9F4E5}"
EndProject
Project("{FAE04EC0-301F-11D3-BF4B-00C04F79EFBC}") = "Mstm.RedPacket.Console", "RedPacket\Mstm.RedPacket.Console\Mstm.RedPacket.Console.csproj", "{3BECF413-F670-4BFD-A969-C3B1BCA32C90}"
EndProject
Project("{FAE04EC0-301F-11D3-BF4B-00C04F79EFBC}") = "Mstm.RedPacket.Core", "RedPacket\Mstm.RedPacket.Core\Mstm.RedPacket.Core.csproj", "{DDA27B0A-CDB3-4895-BA71-619F2CE5F6EA}"
EndProject
Project("{FAE04EC0-301F-11D3-BF4B-00C04F79EFBC}") = "Mstm.RedPacket.Tests", "RedPacket\Mstm.RedPacket.Tests\Mstm.RedPacket.Tests.csproj", "{774BFD4E-938D-4296-838E-49B03033422F}"
EndProject
Project("{FAE04EC0-301F-11D3-BF4B-00C04F79EFBC}") = "Mstm.RedPacket.Web", "RedPacket\Mstm.RedPacket.Web\Mstm.RedPacket.Web.csproj", "{35E93D82-3C99-432D-A5A6-D2FF5F15DB80}"
EndProject
Global
	GlobalSection(SolutionConfigurationPlatforms) = preSolution
		Debug|Any CPU = Debug|Any CPU
		Release|Any CPU = Release|Any CPU
	EndGlobalSection
	GlobalSection(ProjectConfigurationPlatforms) = postSolution
		{A1CE439E-E86C-4A38-A93A-B71216EAF8EB}.Debug|Any CPU.ActiveCfg = Debug|Any CPU
		{A1CE439E-E86C-4A38-A93A-B71216EAF8EB}.Debug|Any CPU.Build.0 = Debug|Any CPU
		{A1CE439E-E86C-4A38-A93A-B71216EAF8EB}.Release|Any CPU.ActiveCfg = Release|Any CPU
		{A1CE439E-E86C-4A38-A93A-B71216EAF8EB}.Release|Any CPU.Build.0 = Release|Any CPU
		{62E879D6-6F4D-4187-BE40-8F06B6B12B90}.Debug|Any CPU.ActiveCfg = Debug|Any CPU
		{62E879D6-6F4D-4187-BE40-8F06B6B12B90}.Debug|Any CPU.Build.0 = Debug|Any CPU
		{62E879D6-6F4D-4187-BE40-8F06B6B12B90}.Release|Any CPU.ActiveCfg = Release|Any CPU
		{62E879D6-6F4D-4187-BE40-8F06B6B12B90}.Release|Any CPU.Build.0 = Release|Any CPU
		{109BBD4A-8108-44F9-B84E-4D072596B195}.Debug|Any CPU.ActiveCfg = Debug|Any CPU
		{109BBD4A-8108-44F9-B84E-4D072596B195}.Debug|Any CPU.Build.0 = Debug|Any CPU
		{109BBD4A-8108-44F9-B84E-4D072596B195}.Release|Any CPU.ActiveCfg = Release|Any CPU
		{109BBD4A-8108-44F9-B84E-4D072596B195}.Release|Any CPU.Build.0 = Release|Any CPU
		{5857594E-0BD7-4A74-B660-B796813C021D}.Debug|Any CPU.ActiveCfg = Debug|Any CPU
		{5857594E-0BD7-4A74-B660-B796813C021D}.Debug|Any CPU.Build.0 = Debug|Any CPU
		{5857594E-0BD7-4A74-B660-B796813C021D}.Release|Any CPU.ActiveCfg = Release|Any CPU
		{5857594E-0BD7-4A74-B660-B796813C021D}.Release|Any CPU.Build.0 = Release|Any CPU
		{D13F2CD6-40D9-4FED-85E6-978E0783DBA3}.Debug|Any CPU.ActiveCfg = Debug|Any CPU
		{D13F2CD6-40D9-4FED-85E6-978E0783DBA3}.Debug|Any CPU.Build.0 = Debug|Any CPU
		{D13F2CD6-40D9-4FED-85E6-978E0783DBA3}.Release|Any CPU.ActiveCfg = Release|Any CPU
		{D13F2CD6-40D9-4FED-85E6-978E0783DBA3}.Release|Any CPU.Build.0 = Release|Any CPU
		{92660DA5-647C-4BE6-A7DA-9A38EA334B39}.Debug|Any CPU.ActiveCfg = Debug|Any CPU
		{92660DA5-647C-4BE6-A7DA-9A38EA334B39}.Debug|Any CPU.Build.0 = Debug|Any CPU
		{92660DA5-647C-4BE6-A7DA-9A38EA334B39}.Release|Any CPU.ActiveCfg = Release|Any CPU
		{92660DA5-647C-4BE6-A7DA-9A38EA334B39}.Release|Any CPU.Build.0 = Release|Any CPU
		{E8578B38-AC86-478E-A681-77D1262DB2B1}.Debug|Any CPU.ActiveCfg = Debug|Any CPU
		{E8578B38-AC86-478E-A681-77D1262DB2B1}.Debug|Any CPU.Build.0 = Debug|Any CPU
		{E8578B38-AC86-478E-A681-77D1262DB2B1}.Release|Any CPU.ActiveCfg = Release|Any CPU
		{E8578B38-AC86-478E-A681-77D1262DB2B1}.Release|Any CPU.Build.0 = Release|Any CPU
		{40FF8711-B8AB-4F41-98AF-E52E4A9DAFDE}.Debug|Any CPU.ActiveCfg = Debug|Any CPU
		{40FF8711-B8AB-4F41-98AF-E52E4A9DAFDE}.Debug|Any CPU.Build.0 = Debug|Any CPU
		{40FF8711-B8AB-4F41-98AF-E52E4A9DAFDE}.Release|Any CPU.ActiveCfg = Release|Any CPU
		{40FF8711-B8AB-4F41-98AF-E52E4A9DAFDE}.Release|Any CPU.Build.0 = Release|Any CPU
		{FC401B04-1A27-4568-A2D9-CACD3971DCD8}.Debug|Any CPU.ActiveCfg = Debug|Any CPU
		{FC401B04-1A27-4568-A2D9-CACD3971DCD8}.Debug|Any CPU.Build.0 = Debug|Any CPU
		{FC401B04-1A27-4568-A2D9-CACD3971DCD8}.Release|Any CPU.ActiveCfg = Release|Any CPU
		{FC401B04-1A27-4568-A2D9-CACD3971DCD8}.Release|Any CPU.Build.0 = Release|Any CPU
		{497B22AC-C64A-430B-8A5B-37D2FDBED2A1}.Debug|Any CPU.ActiveCfg = Debug|Any CPU
		{497B22AC-C64A-430B-8A5B-37D2FDBED2A1}.Debug|Any CPU.Build.0 = Debug|Any CPU
		{497B22AC-C64A-430B-8A5B-37D2FDBED2A1}.Release|Any CPU.ActiveCfg = Release|Any CPU
		{497B22AC-C64A-430B-8A5B-37D2FDBED2A1}.Release|Any CPU.Build.0 = Release|Any CPU
		{E4D69F58-36C1-4890-8150-3D30C8098446}.Debug|Any CPU.ActiveCfg = Debug|Any CPU
		{E4D69F58-36C1-4890-8150-3D30C8098446}.Debug|Any CPU.Build.0 = Debug|Any CPU
		{E4D69F58-36C1-4890-8150-3D30C8098446}.Release|Any CPU.ActiveCfg = Release|Any CPU
		{E4D69F58-36C1-4890-8150-3D30C8098446}.Release|Any CPU.Build.0 = Release|Any CPU
		{207E3845-5B9E-4BDE-8221-86776858A677}.Debug|Any CPU.ActiveCfg = Debug|Any CPU
		{207E3845-5B9E-4BDE-8221-86776858A677}.Debug|Any CPU.Build.0 = Debug|Any CPU
		{207E3845-5B9E-4BDE-8221-86776858A677}.Release|Any CPU.ActiveCfg = Release|Any CPU
		{207E3845-5B9E-4BDE-8221-86776858A677}.Release|Any CPU.Build.0 = Release|Any CPU
		{74899866-BA64-4DEB-BB44-A85C7309271F}.Debug|Any CPU.ActiveCfg = Debug|Any CPU
		{74899866-BA64-4DEB-BB44-A85C7309271F}.Debug|Any CPU.Build.0 = Debug|Any CPU
		{74899866-BA64-4DEB-BB44-A85C7309271F}.Release|Any CPU.ActiveCfg = Release|Any CPU
		{74899866-BA64-4DEB-BB44-A85C7309271F}.Release|Any CPU.Build.0 = Release|Any CPU
		{4BECBCE0-B123-481B-B786-56114D25BE60}.Debug|Any CPU.ActiveCfg = Debug|Any CPU
		{4BECBCE0-B123-481B-B786-56114D25BE60}.Debug|Any CPU.Build.0 = Debug|Any CPU
		{4BECBCE0-B123-481B-B786-56114D25BE60}.Release|Any CPU.ActiveCfg = Release|Any CPU
		{4BECBCE0-B123-481B-B786-56114D25BE60}.Release|Any CPU.Build.0 = Release|Any CPU
		{D2CA67A7-9B1E-4949-8014-3795124D0093}.Debug|Any CPU.ActiveCfg = Debug|Any CPU
		{D2CA67A7-9B1E-4949-8014-3795124D0093}.Debug|Any CPU.Build.0 = Debug|Any CPU
		{D2CA67A7-9B1E-4949-8014-3795124D0093}.Release|Any CPU.ActiveCfg = Release|Any CPU
		{D2CA67A7-9B1E-4949-8014-3795124D0093}.Release|Any CPU.Build.0 = Release|Any CPU
		{CBCE9E64-FF0B-48A2-8FF4-6E7C62067C3E}.Debug|Any CPU.ActiveCfg = Debug|Any CPU
		{CBCE9E64-FF0B-48A2-8FF4-6E7C62067C3E}.Debug|Any CPU.Build.0 = Debug|Any CPU
		{CBCE9E64-FF0B-48A2-8FF4-6E7C62067C3E}.Release|Any CPU.ActiveCfg = Release|Any CPU
		{CBCE9E64-FF0B-48A2-8FF4-6E7C62067C3E}.Release|Any CPU.Build.0 = Release|Any CPU
		{695BF109-CE29-4CD0-835D-E97EB3866D29}.Debug|Any CPU.ActiveCfg = Debug|Any CPU
		{695BF109-CE29-4CD0-835D-E97EB3866D29}.Debug|Any CPU.Build.0 = Debug|Any CPU
		{695BF109-CE29-4CD0-835D-E97EB3866D29}.Release|Any CPU.ActiveCfg = Release|Any CPU
		{695BF109-CE29-4CD0-835D-E97EB3866D29}.Release|Any CPU.Build.0 = Release|Any CPU
		{A1CC283A-037E-471C-BE10-3C96ACEE922A}.Debug|Any CPU.ActiveCfg = Debug|Any CPU
		{A1CC283A-037E-471C-BE10-3C96ACEE922A}.Debug|Any CPU.Build.0 = Debug|Any CPU
		{A1CC283A-037E-471C-BE10-3C96ACEE922A}.Release|Any CPU.ActiveCfg = Release|Any CPU
		{A1CC283A-037E-471C-BE10-3C96ACEE922A}.Release|Any CPU.Build.0 = Release|Any CPU
		{3A5E72FD-CADF-4F86-B3D2-F8B96F734BA5}.Debug|Any CPU.ActiveCfg = Debug|Any CPU
		{3A5E72FD-CADF-4F86-B3D2-F8B96F734BA5}.Debug|Any CPU.Build.0 = Debug|Any CPU
		{3A5E72FD-CADF-4F86-B3D2-F8B96F734BA5}.Release|Any CPU.ActiveCfg = Release|Any CPU
		{3A5E72FD-CADF-4F86-B3D2-F8B96F734BA5}.Release|Any CPU.Build.0 = Release|Any CPU
		{24CFC372-8AFE-41F9-A8B9-1C983392E9CE}.Debug|Any CPU.ActiveCfg = Debug|Any CPU
		{24CFC372-8AFE-41F9-A8B9-1C983392E9CE}.Debug|Any CPU.Build.0 = Debug|Any CPU
		{24CFC372-8AFE-41F9-A8B9-1C983392E9CE}.Release|Any CPU.ActiveCfg = Release|Any CPU
		{24CFC372-8AFE-41F9-A8B9-1C983392E9CE}.Release|Any CPU.Build.0 = Release|Any CPU
		{A6A9B6F0-565D-4295-A184-295353CDC551}.Debug|Any CPU.ActiveCfg = Debug|Any CPU
		{A6A9B6F0-565D-4295-A184-295353CDC551}.Debug|Any CPU.Build.0 = Debug|Any CPU
		{A6A9B6F0-565D-4295-A184-295353CDC551}.Release|Any CPU.ActiveCfg = Release|Any CPU
		{A6A9B6F0-565D-4295-A184-295353CDC551}.Release|Any CPU.Build.0 = Release|Any CPU
		{58A4EA33-5676-4D86-B28E-92FE4D2A1678}.Debug|Any CPU.ActiveCfg = Debug|Any CPU
		{58A4EA33-5676-4D86-B28E-92FE4D2A1678}.Debug|Any CPU.Build.0 = Debug|Any CPU
		{58A4EA33-5676-4D86-B28E-92FE4D2A1678}.Release|Any CPU.ActiveCfg = Release|Any CPU
		{58A4EA33-5676-4D86-B28E-92FE4D2A1678}.Release|Any CPU.Build.0 = Release|Any CPU
		{C08F229E-23A8-4360-9388-82A732B38108}.Debug|Any CPU.ActiveCfg = Debug|Any CPU
		{C08F229E-23A8-4360-9388-82A732B38108}.Debug|Any CPU.Build.0 = Debug|Any CPU
		{C08F229E-23A8-4360-9388-82A732B38108}.Release|Any CPU.ActiveCfg = Release|Any CPU
		{C08F229E-23A8-4360-9388-82A732B38108}.Release|Any CPU.Build.0 = Release|Any CPU
		{453ECF27-558C-4EB5-BF6A-B325D0703103}.Debug|Any CPU.ActiveCfg = Debug|Any CPU
		{453ECF27-558C-4EB5-BF6A-B325D0703103}.Debug|Any CPU.Build.0 = Debug|Any CPU
		{453ECF27-558C-4EB5-BF6A-B325D0703103}.Release|Any CPU.ActiveCfg = Release|Any CPU
		{453ECF27-558C-4EB5-BF6A-B325D0703103}.Release|Any CPU.Build.0 = Release|Any CPU
		{DF7E6B6A-FA4C-45EE-A449-2862CD44BB05}.Debug|Any CPU.ActiveCfg = Debug|Any CPU
		{DF7E6B6A-FA4C-45EE-A449-2862CD44BB05}.Debug|Any CPU.Build.0 = Debug|Any CPU
		{DF7E6B6A-FA4C-45EE-A449-2862CD44BB05}.Release|Any CPU.ActiveCfg = Release|Any CPU
		{DF7E6B6A-FA4C-45EE-A449-2862CD44BB05}.Release|Any CPU.Build.0 = Release|Any CPU
		{DF73C042-4C7E-4B96-81C9-515F6CCB5494}.Debug|Any CPU.ActiveCfg = Debug|Any CPU
		{DF73C042-4C7E-4B96-81C9-515F6CCB5494}.Debug|Any CPU.Build.0 = Debug|Any CPU
		{DF73C042-4C7E-4B96-81C9-515F6CCB5494}.Release|Any CPU.ActiveCfg = Release|Any CPU
		{DF73C042-4C7E-4B96-81C9-515F6CCB5494}.Release|Any CPU.Build.0 = Release|Any CPU
		{BEF790F7-BA17-4380-B660-9E23B0189E5B}.Debug|Any CPU.ActiveCfg = Debug|Any CPU
		{BEF790F7-BA17-4380-B660-9E23B0189E5B}.Debug|Any CPU.Build.0 = Debug|Any CPU
		{BEF790F7-BA17-4380-B660-9E23B0189E5B}.Release|Any CPU.ActiveCfg = Release|Any CPU
		{BEF790F7-BA17-4380-B660-9E23B0189E5B}.Release|Any CPU.Build.0 = Release|Any CPU
		{B6BC711B-207E-4F27-AA94-E61AF7EC301D}.Debug|Any CPU.ActiveCfg = Debug|Any CPU
		{B6BC711B-207E-4F27-AA94-E61AF7EC301D}.Debug|Any CPU.Build.0 = Debug|Any CPU
		{B6BC711B-207E-4F27-AA94-E61AF7EC301D}.Release|Any CPU.ActiveCfg = Release|Any CPU
		{B6BC711B-207E-4F27-AA94-E61AF7EC301D}.Release|Any CPU.Build.0 = Release|Any CPU
		{3BECF413-F670-4BFD-A969-C3B1BCA32C90}.Debug|Any CPU.ActiveCfg = Debug|Any CPU
		{3BECF413-F670-4BFD-A969-C3B1BCA32C90}.Debug|Any CPU.Build.0 = Debug|Any CPU
		{3BECF413-F670-4BFD-A969-C3B1BCA32C90}.Release|Any CPU.ActiveCfg = Release|Any CPU
		{3BECF413-F670-4BFD-A969-C3B1BCA32C90}.Release|Any CPU.Build.0 = Release|Any CPU
		{DDA27B0A-CDB3-4895-BA71-619F2CE5F6EA}.Debug|Any CPU.ActiveCfg = Debug|Any CPU
		{DDA27B0A-CDB3-4895-BA71-619F2CE5F6EA}.Debug|Any CPU.Build.0 = Debug|Any CPU
		{DDA27B0A-CDB3-4895-BA71-619F2CE5F6EA}.Release|Any CPU.ActiveCfg = Release|Any CPU
		{DDA27B0A-CDB3-4895-BA71-619F2CE5F6EA}.Release|Any CPU.Build.0 = Release|Any CPU
		{774BFD4E-938D-4296-838E-49B03033422F}.Debug|Any CPU.ActiveCfg = Debug|Any CPU
		{774BFD4E-938D-4296-838E-49B03033422F}.Debug|Any CPU.Build.0 = Debug|Any CPU
		{774BFD4E-938D-4296-838E-49B03033422F}.Release|Any CPU.ActiveCfg = Release|Any CPU
		{774BFD4E-938D-4296-838E-49B03033422F}.Release|Any CPU.Build.0 = Release|Any CPU
		{35E93D82-3C99-432D-A5A6-D2FF5F15DB80}.Debug|Any CPU.ActiveCfg = Debug|Any CPU
		{35E93D82-3C99-432D-A5A6-D2FF5F15DB80}.Debug|Any CPU.Build.0 = Debug|Any CPU
		{35E93D82-3C99-432D-A5A6-D2FF5F15DB80}.Release|Any CPU.ActiveCfg = Release|Any CPU
		{35E93D82-3C99-432D-A5A6-D2FF5F15DB80}.Release|Any CPU.Build.0 = Release|Any CPU
	EndGlobalSection
	GlobalSection(SolutionProperties) = preSolution
		HideSolutionNode = FALSE
	EndGlobalSection
	GlobalSection(NestedProjects) = preSolution
		{A1CE439E-E86C-4A38-A93A-B71216EAF8EB} = {45C277D8-A6F7-4B92-9C3E-EAD36980A64E}
		{62E879D6-6F4D-4187-BE40-8F06B6B12B90} = {45C277D8-A6F7-4B92-9C3E-EAD36980A64E}
		{109BBD4A-8108-44F9-B84E-4D072596B195} = {45C277D8-A6F7-4B92-9C3E-EAD36980A64E}
		{5857594E-0BD7-4A74-B660-B796813C021D} = {45C277D8-A6F7-4B92-9C3E-EAD36980A64E}
		{D13F2CD6-40D9-4FED-85E6-978E0783DBA3} = {45C277D8-A6F7-4B92-9C3E-EAD36980A64E}
		{92660DA5-647C-4BE6-A7DA-9A38EA334B39} = {45C277D8-A6F7-4B92-9C3E-EAD36980A64E}
		{E8578B38-AC86-478E-A681-77D1262DB2B1} = {45C277D8-A6F7-4B92-9C3E-EAD36980A64E}
		{40FF8711-B8AB-4F41-98AF-E52E4A9DAFDE} = {45C277D8-A6F7-4B92-9C3E-EAD36980A64E}
		{FC401B04-1A27-4568-A2D9-CACD3971DCD8} = {45C277D8-A6F7-4B92-9C3E-EAD36980A64E}
		{497B22AC-C64A-430B-8A5B-37D2FDBED2A1} = {45C277D8-A6F7-4B92-9C3E-EAD36980A64E}
		{E4D69F58-36C1-4890-8150-3D30C8098446} = {45C277D8-A6F7-4B92-9C3E-EAD36980A64E}
		{207E3845-5B9E-4BDE-8221-86776858A677} = {45C277D8-A6F7-4B92-9C3E-EAD36980A64E}
		{74899866-BA64-4DEB-BB44-A85C7309271F} = {45C277D8-A6F7-4B92-9C3E-EAD36980A64E}
		{4BECBCE0-B123-481B-B786-56114D25BE60} = {45C277D8-A6F7-4B92-9C3E-EAD36980A64E}
		{D2CA67A7-9B1E-4949-8014-3795124D0093} = {45C277D8-A6F7-4B92-9C3E-EAD36980A64E}
		{CBCE9E64-FF0B-48A2-8FF4-6E7C62067C3E} = {45C277D8-A6F7-4B92-9C3E-EAD36980A64E}
		{695BF109-CE29-4CD0-835D-E97EB3866D29} = {45C277D8-A6F7-4B92-9C3E-EAD36980A64E}
		{A1CC283A-037E-471C-BE10-3C96ACEE922A} = {45C277D8-A6F7-4B92-9C3E-EAD36980A64E}
		{3A5E72FD-CADF-4F86-B3D2-F8B96F734BA5} = {45C277D8-A6F7-4B92-9C3E-EAD36980A64E}
		{24CFC372-8AFE-41F9-A8B9-1C983392E9CE} = {45C277D8-A6F7-4B92-9C3E-EAD36980A64E}
		{A6A9B6F0-565D-4295-A184-295353CDC551} = {45C277D8-A6F7-4B92-9C3E-EAD36980A64E}
		{58A4EA33-5676-4D86-B28E-92FE4D2A1678} = {45C277D8-A6F7-4B92-9C3E-EAD36980A64E}
		{C08F229E-23A8-4360-9388-82A732B38108} = {45C277D8-A6F7-4B92-9C3E-EAD36980A64E}
		{453ECF27-558C-4EB5-BF6A-B325D0703103} = {45C277D8-A6F7-4B92-9C3E-EAD36980A64E}
		{DF7E6B6A-FA4C-45EE-A449-2862CD44BB05} = {45C277D8-A6F7-4B92-9C3E-EAD36980A64E}
		{DF73C042-4C7E-4B96-81C9-515F6CCB5494} = {4F0E835E-0BE4-47A6-A3AA-01C49FD11056}
		{BEF790F7-BA17-4380-B660-9E23B0189E5B} = {4F0E835E-0BE4-47A6-A3AA-01C49FD11056}
		{B6BC711B-207E-4F27-AA94-E61AF7EC301D} = {4F0E835E-0BE4-47A6-A3AA-01C49FD11056}
		{3BECF413-F670-4BFD-A969-C3B1BCA32C90} = {0607AEBA-E6CE-4F69-8B1C-FBED8EC9F4E5}
		{DDA27B0A-CDB3-4895-BA71-619F2CE5F6EA} = {0607AEBA-E6CE-4F69-8B1C-FBED8EC9F4E5}
		{774BFD4E-938D-4296-838E-49B03033422F} = {0607AEBA-E6CE-4F69-8B1C-FBED8EC9F4E5}
		{35E93D82-3C99-432D-A5A6-D2FF5F15DB80} = {0607AEBA-E6CE-4F69-8B1C-FBED8EC9F4E5}
	EndGlobalSection
EndGlobal
