
Microsoft Visual Studio Solution File, Format Version 12.00
# Visual Studio 15
VisualStudioVersion = 15.0.26730.8
MinimumVisualStudioVersion = 10.0.40219.1
Project("{2150E333-8FDC-42A3-9474-1A3956D46DE8}") = "PatternDemo", "PatternDemo", "{45C277D8-A6F7-4B92-9C3E-EAD36980A64E}"
EndProject
Project("{9A19103F-16F7-4668-BE54-9A1E7A4F7556}") = "_01简单工厂模式", "PatternDemo\_01简单工厂模式\_01简单工厂模式.csproj", "{A1CE439E-E86C-4A38-A93A-B71216EAF8EB}"
EndProject
Project("{9A19103F-16F7-4668-BE54-9A1E7A4F7556}") = "_02策略模式", "PatternDemo\_02策略模式\_02策略模式.csproj", "{62E879D6-6F4D-4187-BE40-8F06B6B12B90}"
EndProject
Project("{9A19103F-16F7-4668-BE54-9A1E7A4F7556}") = "_03装饰模式", "PatternDemo\_03装饰模式\_03装饰模式.csproj", "{109BBD4A-8108-44F9-B84E-4D072596B195}"
EndProject
Project("{9A19103F-16F7-4668-BE54-9A1E7A4F7556}") = "_04代理模式", "PatternDemo\_04代理模式\_04代理模式.csproj", "{5857594E-0BD7-4A74-B660-B796813C021D}"
EndProject
Project("{9A19103F-16F7-4668-BE54-9A1E7A4F7556}") = "_05工厂方法模式", "PatternDemo\_05工厂方法模式\_05工厂方法模式.csproj", "{D13F2CD6-40D9-4FED-85E6-978E0783DBA3}"
EndProject
Project("{9A19103F-16F7-4668-BE54-9A1E7A4F7556}") = "_06原型模式", "PatternDemo\_06原型模式\_06原型模式.csproj", "{92660DA5-647C-4BE6-A7DA-9A38EA334B39}"
EndProject
Project("{9A19103F-16F7-4668-BE54-9A1E7A4F7556}") = "_07模板方法模式", "PatternDemo\_07模板方法模式\_07模板方法模式.csproj", "{E8578B38-AC86-478E-A681-77D1262DB2B1}"
EndProject
Project("{9A19103F-16F7-4668-BE54-9A1E7A4F7556}") = "_08外观模式", "PatternDemo\_08外观模式\_08外观模式.csproj", "{40FF8711-B8AB-4F41-98AF-E52E4A9DAFDE}"
EndProject
Project("{9A19103F-16F7-4668-BE54-9A1E7A4F7556}") = "_09建造者模式", "PatternDemo\_09建造者模式\_09建造者模式.csproj", "{FC401B04-1A27-4568-A2D9-CACD3971DCD8}"
EndProject
Project("{9A19103F-16F7-4668-BE54-9A1E7A4F7556}") = "_10观察者模式", "PatternDemo\_10观察者模式\_10观察者模式.csproj", "{497B22AC-C64A-430B-8A5B-37D2FDBED2A1}"
EndProject
Project("{9A19103F-16F7-4668-BE54-9A1E7A4F7556}") = "_11抽象工厂模式", "PatternDemo\_11抽象工厂模式\_11抽象工厂模式.csproj", "{E4D69F58-36C1-4890-8150-3D30C8098446}"
EndProject
Project("{9A19103F-16F7-4668-BE54-9A1E7A4F7556}") = "_11抽象工厂模式Demo", "PatternDemo\_11抽象工厂模式Demo\_11抽象工厂模式Demo.csproj", "{207E3845-5B9E-4BDE-8221-86776858A677}"
EndProject
Project("{9A19103F-16F7-4668-BE54-9A1E7A4F7556}") = "_12状态模式", "PatternDemo\_12状态模式\_12状态模式.csproj", "{74899866-BA64-4DEB-BB44-A85C7309271F}"
EndProject
Project("{9A19103F-16F7-4668-BE54-9A1E7A4F7556}") = "_13适配器模式", "PatternDemo\_13适配器模式\_13适配器模式.csproj", "{4BECBCE0-B123-481B-B786-56114D25BE60}"
EndProject
Project("{9A19103F-16F7-4668-BE54-9A1E7A4F7556}") = "_14备忘录模式", "PatternDemo\_14备忘录模式\_14备忘录模式.csproj", "{D2CA67A7-9B1E-4949-8014-3795124D0093}"
EndProject
Project("{9A19103F-16F7-4668-BE54-9A1E7A4F7556}") = "_15组合模式", "PatternDemo\_15组合模式\_15组合模式.csproj", "{CBCE9E64-FF0B-48A2-8FF4-6E7C62067C3E}"
EndProject
Project("{9A19103F-16F7-4668-BE54-9A1E7A4F7556}") = "_16迭代器模式", "PatternDemo\_16迭代器模式\_16迭代器模式.csproj", "{695BF109-CE29-4CD0-835D-E97EB3866D29}"
EndProject
Project("{9A19103F-16F7-4668-BE54-9A1E7A4F7556}") = "_17单例模式", "PatternDemo\_17单例模式\_17单例模式.csproj", "{A1CC283A-037E-471C-BE10-3C96ACEE922A}"
EndProject
Project("{9A19103F-16F7-4668-BE54-9A1E7A4F7556}") = "_18桥接模式", "PatternDemo\_18桥接模式\_18桥接模式.csproj", "{3A5E72FD-CADF-4F86-B3D2-F8B96F734BA5}"
EndProject
Project("{9A19103F-16F7-4668-BE54-9A1E7A4F7556}") = "_19命令模式", "PatternDemo\_19命令模式\_19命令模式.csproj", "{24CFC372-8AFE-41F9-A8B9-1C983392E9CE}"
EndProject
Project("{9A19103F-16F7-4668-BE54-9A1E7A4F7556}") = "_20职责链模式", "PatternDemo\_20职责链模式\_20职责链模式.csproj", "{A6A9B6F0-565D-4295-A184-295353CDC551}"
EndProject
Project("{9A19103F-16F7-4668-BE54-9A1E7A4F7556}") = "_21中介者模式", "PatternDemo\_21中介者模式\_21中介者模式.csproj", "{58A4EA33-5676-4D86-B28E-92FE4D2A1678}"
EndProject
Project("{9A19103F-16F7-4668-BE54-9A1E7A4F7556}") = "_22享元模式", "PatternDemo\_22享元模式\_22享元模式.csproj", "{C08F229E-23A8-4360-9388-82A732B38108}"
EndProject
Project("{9A19103F-16F7-4668-BE54-9A1E7A4F7556}") = "_23解释器模式", "PatternDemo\_23解释器模式\_23解释器模式.csproj", "{453ECF27-558C-4EB5-BF6A-B325D0703103}"
EndProject
Project("{9A19103F-16F7-4668-BE54-9A1E7A4F7556}") = "_24访问者模式", "PatternDemo\_24访问者模式\_24访问者模式.csproj", "{DF7E6B6A-FA4C-45EE-A449-2862CD44BB05}"
EndProject
Project("{2150E333-8FDC-42A3-9474-1A3956D46DE8}") = "OAuth2.0", "OAuth2.0", "{4F0E835E-0BE4-47A6-A3AA-01C49FD11056}"
EndProject
Project("{9A19103F-16F7-4668-BE54-9A1E7A4F7556}") = "Mstm.OAuth.Core", "OAuth2.0\Mstm.OAuth.Core\Mstm.OAuth.Core.csproj", "{DF73C042-4C7E-4B96-81C9-515F6CCB5494}"
EndProject
Project("{9A19103F-16F7-4668-BE54-9A1E7A4F7556}") = "Mstm.OAuth.QQ", "OAuth2.0\Mstm.OAuth.QQ\Mstm.OAuth.QQ.csproj", "{BEF790F7-BA17-4380-B660-9E23B0189E5B}"
EndProject
Project("{9A19103F-16F7-4668-BE54-9A1E7A4F7556}") = "Mstm.OAuth.Weibo", "OAuth2.0\Mstm.OAuth.Weibo\Mstm.OAuth.Weibo.csproj", "{B6BC711B-207E-4F27-AA94-E61AF7EC301D}"
EndProject
Project("{2150E333-8FDC-42A3-9474-1A3956D46DE8}") = "RedPacket", "RedPacket", "{0607AEBA-E6CE-4F69-8B1C-FBED8EC9F4E5}"
EndProject
Project("{9A19103F-16F7-4668-BE54-9A1E7A4F7556}") = "Mstm.RedPacket.Console", "RedPacket\Mstm.RedPacket.Console\Mstm.RedPacket.Console.csproj", "{3BECF413-F670-4BFD-A969-C3B1BCA32C90}"
EndProject
Project("{9A19103F-16F7-4668-BE54-9A1E7A4F7556}") = "Mstm.RedPacket.Core", "RedPacket\Mstm.RedPacket.Core\Mstm.RedPacket.Core.csproj", "{DDA27B0A-CDB3-4895-BA71-619F2CE5F6EA}"
EndProject
Project("{9A19103F-16F7-4668-BE54-9A1E7A4F7556}") = "Mstm.RedPacket.Tests", "RedPacket\Mstm.RedPacket.Tests\Mstm.RedPacket.Tests.csproj", "{774BFD4E-938D-4296-838E-49B03033422F}"
EndProject
Project("{2150E333-8FDC-42A3-9474-1A3956D46DE8}") = "SQLAnalysis", "SQLAnalysis", "{5C52FE73-0C06-4769-9EB3-089F8AAA7A8F}"
EndProject
Project("{9A19103F-16F7-4668-BE54-9A1E7A4F7556}") = "Mstm.SQLAnalysis.Core", "SQLAnalysis\Mstm.SQLAnalysis.Core\Mstm.SQLAnalysis.Core.csproj", "{11C8314B-0014-4960-AAEF-717995AE1FB0}"
EndProject
Project("{9A19103F-16F7-4668-BE54-9A1E7A4F7556}") = "Mstm.SQLAnalysis.MySQL", "SQLAnalysis\Mstm.SQLAnalysis.MySQL\Mstm.SQLAnalysis.MySQL.csproj", "{6C68FE48-45FA-4E40-9A9B-3D9CF481B181}"
EndProject
Project("{9A19103F-16F7-4668-BE54-9A1E7A4F7556}") = "Mstm.SQLAnalysis.UnitTests", "SQLAnalysis\Mstm.SQLAnalysis.UnitTests\Mstm.SQLAnalysis.UnitTests.csproj", "{2154211D-6574-4D1B-82DE-4C1A6FF4CA1E}"
EndProject
Project("{9A19103F-16F7-4668-BE54-9A1E7A4F7556}") = "Mstm.SQLAnalysis.MSSQLServer", "SQLAnalysis\Mstm.SQLAnalysis.MSSQLServer\Mstm.SQLAnalysis.MSSQLServer.csproj", "{1CEBA701-FD80-41EC-8FA4-5290F51C08B7}"
EndProject
Project("{2150E333-8FDC-42A3-9474-1A3956D46DE8}") = "Design", "Design", "{68C24083-47D0-410C-A048-960C32EC798A}"
EndProject
Project("{9A19103F-16F7-4668-BE54-9A1E7A4F7556}") = "Mstm.Design.Core", "Design\Mstm.Design.Core\Mstm.Design.Core.csproj", "{4707F69E-D899-4414-83D1-936961FC32DF}"
EndProject
Project("{9A19103F-16F7-4668-BE54-9A1E7A4F7556}") = "Mstm.Design.UnitTests", "Design\Mstm.Design.UnitTests\Mstm.Design.UnitTests.csproj", "{F8F1C327-35E3-4C6A-AA83-282305F9FABF}"
EndProject
Project("{9A19103F-16F7-4668-BE54-9A1E7A4F7556}") = "Mstm.SQLAnalysis.Sybase", "SQLAnalysis\Mstm.SQLAnalysis.Sybase\Mstm.SQLAnalysis.Sybase.csproj", "{C80082AF-9947-4D05-B85B-513392131669}"
EndProject
Project("{9A19103F-16F7-4668-BE54-9A1E7A4F7556}") = "Mstm.SQLAnalysis.Oracle", "SQLAnalysis\Mstm.SQLAnalysis.Oracle\Mstm.SQLAnalysis.Oracle.csproj", "{19277F8A-7F02-40DB-A8C8-ECCFD36905BB}"
EndProject
Project("{2150E333-8FDC-42A3-9474-1A3956D46DE8}") = "UML", "UML", "{D11CF832-F4F4-41F5-AF75-DEDFB1099A79}"
EndProject
Project("{2150E333-8FDC-42A3-9474-1A3956D46DE8}") = "WeChat", "WeChat", "{06A91942-0903-483C-9A43-D5CB8B59DAD9}"
EndProject
Project("{9A19103F-16F7-4668-BE54-9A1E7A4F7556}") = "Mstm.WeChat.Open", "WeChat\Mstm.WeChat.Open\Mstm.WeChat.Open.csproj", "{3E5A2739-FEEF-471C-AE3D-F716A476373C}"
EndProject
Project("{9A19103F-16F7-4668-BE54-9A1E7A4F7556}") = "Mstm.WeChat.MP", "WeChat\Mstm.WeChat.MP\Mstm.WeChat.MP.csproj", "{26F8E1A0-290A-4163-8970-E3617319EE51}"
EndProject
Project("{9A19103F-16F7-4668-BE54-9A1E7A4F7556}") = "Mstm.OAuth.WeChat.Open", "OAuth2.0\Mstm.OAuth.WeChat.Open\Mstm.OAuth.WeChat.Open.csproj", "{BBCC4424-B2D7-4664-AF13-42B1AE430842}"
EndProject
Project("{9A19103F-16F7-4668-BE54-9A1E7A4F7556}") = "Mstm.OAuth.WeChat.MP", "OAuth2.0\Mstm.OAuth.WeChat.MP\Mstm.OAuth.WeChat.MP.csproj", "{A7B5B3C9-97F2-446B-899E-88AC0603C6C9}"
EndProject
Project("{2150E333-8FDC-42A3-9474-1A3956D46DE8}") = "NoSQL", "NoSQL", "{48D53F07-AE30-49B6-968D-CC63D43BD692}"
EndProject
Project("{9A19103F-16F7-4668-BE54-9A1E7A4F7556}") = "Mstm.NoSQL.Redis.StackExchange", "NoSQL\Mstm.NoSQL.Redis.StackExchange\Mstm.NoSQL.Redis.StackExchange.csproj", "{DEFA3EDC-C041-4004-A917-BCE0999A5AC6}"
EndProject
Project("{9A19103F-16F7-4668-BE54-9A1E7A4F7556}") = "Mstm.NoSQL.Redis.ServiceStack", "NoSQL\Mstm.NoSQL.Redis.ServiceStack\Mstm.NoSQL.Redis.ServiceStack.csproj", "{1C4F06AE-9820-4EB4-BE93-1554E326EDDD}"
EndProject
Project("{F088123C-0E9E-452A-89E6-6BA2F21D5CAC}") = "UMLDemo", "UML\UMLDemo\UMLDemo.modelproj", "{93794FA3-A23A-442C-83BE-4B42C012FDB2}"
EndProject
Project("{9A19103F-16F7-4668-BE54-9A1E7A4F7556}") = "Mstm.NoSQL.Redis.Core", "NoSQL\Mstm.NoSQL.Redis.Core\Mstm.NoSQL.Redis.Core.csproj", "{44295B06-1379-47CF-8A8A-7543E068802A}"
EndProject
Project("{9A19103F-16F7-4668-BE54-9A1E7A4F7556}") = "Mstm.NoSQL.Redis.ServiceStack.Tests", "NoSQL\Mstm.NoSQL.Redis.ServiceStack.Tests\Mstm.NoSQL.Redis.ServiceStack.Tests.csproj", "{EC23FA2C-8D4B-4C13-A1A7-28B73E8B1337}"
EndProject
Project("{9A19103F-16F7-4668-BE54-9A1E7A4F7556}") = "Mstm.NoSQL.Redis.StackExchange.Tests", "NoSQL\Mstm.NoSQL.Redis.StackExchange.Tests\Mstm.NoSQL.Redis.StackExchange.Tests.csproj", "{80CF7D52-0C8D-4933-976C-BC45AE550DD4}"
EndProject
Project("{2150E333-8FDC-42A3-9474-1A3956D46DE8}") = "Kafka", "Kafka", "{82ECE402-D957-4403-8583-29FA4DEB4683}"
EndProject
Project("{9A19103F-16F7-4668-BE54-9A1E7A4F7556}") = "Mstm.Kafka.Core", "Kafka\Mstm.Kafka.Core\Mstm.Kafka.Core.csproj", "{F85D77B6-DD6D-40CD-8D2D-12707A6DCCF8}"
EndProject
Project("{9A19103F-16F7-4668-BE54-9A1E7A4F7556}") = "Mstm.Kafka.KafkaNet", "Kafka\Mstm.Kafka.KafkaNet\Mstm.Kafka.KafkaNet.csproj", "{14185AD5-AC1D-4A20-AD67-A30E6883D8E4}"
EndProject
Project("{9A19103F-16F7-4668-BE54-9A1E7A4F7556}") = "Mstm.Kafka.KafkaNet.Tests", "Kafka\Mstm.Kafka.KafkaNet.Tests\Mstm.Kafka.KafkaNet.Tests.csproj", "{08887589-6161-43F2-B4A8-D9354E414A9A}"
EndProject
Project("{2150E333-8FDC-42A3-9474-1A3956D46DE8}") = "Json", "Json", "{166A3283-3155-48A9-8CD4-F29B97D1B327}"
EndProject
Project("{9A19103F-16F7-4668-BE54-9A1E7A4F7556}") = "Mstm.Json.Core", "Json\Mstm.Json.Core\Mstm.Json.Core.csproj", "{91DCA2C7-9B27-481B-A2D5-846DB4495D9E}"
EndProject
Project("{9A19103F-16F7-4668-BE54-9A1E7A4F7556}") = "Mstm.Json.Newtonsoft", "Json\Mstm.Json.Newtonsoft\Mstm.Json.Newtonsoft.csproj", "{97A41878-9428-4499-84EC-997CD3A996CA}"
EndProject
Project("{9A19103F-16F7-4668-BE54-9A1E7A4F7556}") = "Mstm.Json.Jil", "Json\Mstm.Json.Jil\Mstm.Json.Jil.csproj", "{670EC5AF-8591-413F-97CE-F98039317579}"
EndProject
Project("{2150E333-8FDC-42A3-9474-1A3956D46DE8}") = "Cache", "Cache", "{B12D9456-F453-4A71-A831-5A634442E5DE}"
EndProject
Project("{9A19103F-16F7-4668-BE54-9A1E7A4F7556}") = "Mstm.Cache.ClusterSync", "Cache\Mstm.Cache.ClusterSync\Mstm.Cache.ClusterSync.csproj", "{8D870D0B-653B-4A3A-BB0F-5AD0D4BBC58D}"
EndProject
Project("{9A19103F-16F7-4668-BE54-9A1E7A4F7556}") = "Mstm.Cache.ClusterSync.Tests", "Cache\Mstm.Cache.ClusterSync.Tests\Mstm.Cache.ClusterSync.Tests.csproj", "{3E76BEDF-CF60-48AC-B821-40E88FF1FBAD}"
EndProject
Project("{9A19103F-16F7-4668-BE54-9A1E7A4F7556}") = "Mstm.Cache.ClusterSync.TestConsole", "Cache\Mstm.Cache.ClusterSync.TestConsole\Mstm.Cache.ClusterSync.TestConsole.csproj", "{0B95AB94-BA93-420D-9A66-943A80F1F67B}"
EndProject
Project("{2150E333-8FDC-42A3-9474-1A3956D46DE8}") = "Common", "Common", "{A622D9B5-011B-4590-B309-26C0E013EA3D}"
EndProject
Project("{9A19103F-16F7-4668-BE54-9A1E7A4F7556}") = "Mstm.Common", "Common\Mstm.Common\Mstm.Common.csproj", "{C92C2E37-3562-4A35-AEC3-46C1593F19DF}"
EndProject
Project("{2150E333-8FDC-42A3-9474-1A3956D46DE8}") = "Log", "Log", "{0977AA60-D7E8-42B9-9788-23CC5A0F5360}"
EndProject
Project("{9A19103F-16F7-4668-BE54-9A1E7A4F7556}") = "Mstm.Log.Core", "Log\Mstm.Log.Core\Mstm.Log.Core.csproj", "{BF890958-DE0B-42CA-85CA-0F552D3FED35}"
EndProject
Project("{9A19103F-16F7-4668-BE54-9A1E7A4F7556}") = "Mstm.Log.Log4Net", "Log\Mstm.Log.Log4Net\Mstm.Log.Log4Net.csproj", "{DDF54325-81D5-464F-A20B-1542092C3EAE}"
EndProject
Project("{9A19103F-16F7-4668-BE54-9A1E7A4F7556}") = "Mstm.Log.Core.Test", "Log\Mstm.Log.Core.Test\Mstm.Log.Core.Test.csproj", "{590EF65E-3CB9-4D91-BFDC-0D0A3118FD14}"
EndProject
Global
	GlobalSection(SolutionConfigurationPlatforms) = preSolution
		Debug|Any CPU = Debug|Any CPU
		Release|Any CPU = Release|Any CPU
	EndGlobalSection
	GlobalSection(ProjectConfigurationPlatforms) = postSolution
		{A1CE439E-E86C-4A38-A93A-B71216EAF8EB}.Debug|Any CPU.ActiveCfg = Debug|Any CPU
		{A1CE439E-E86C-4A38-A93A-B71216EAF8EB}.Debug|Any CPU.Build.0 = Debug|Any CPU
		{A1CE439E-E86C-4A38-A93A-B71216EAF8EB}.Release|Any CPU.ActiveCfg = Release|Any CPU
		{A1CE439E-E86C-4A38-A93A-B71216EAF8EB}.Release|Any CPU.Build.0 = Release|Any CPU
		{62E879D6-6F4D-4187-BE40-8F06B6B12B90}.Debug|Any CPU.ActiveCfg = Debug|Any CPU
		{62E879D6-6F4D-4187-BE40-8F06B6B12B90}.Debug|Any CPU.Build.0 = Debug|Any CPU
		{62E879D6-6F4D-4187-BE40-8F06B6B12B90}.Release|Any CPU.ActiveCfg = Release|Any CPU
		{62E879D6-6F4D-4187-BE40-8F06B6B12B90}.Release|Any CPU.Build.0 = Release|Any CPU
		{109BBD4A-8108-44F9-B84E-4D072596B195}.Debug|Any CPU.ActiveCfg = Debug|Any CPU
		{109BBD4A-8108-44F9-B84E-4D072596B195}.Debug|Any CPU.Build.0 = Debug|Any CPU
		{109BBD4A-8108-44F9-B84E-4D072596B195}.Release|Any CPU.ActiveCfg = Release|Any CPU
		{109BBD4A-8108-44F9-B84E-4D072596B195}.Release|Any CPU.Build.0 = Release|Any CPU
		{5857594E-0BD7-4A74-B660-B796813C021D}.Debug|Any CPU.ActiveCfg = Debug|Any CPU
		{5857594E-0BD7-4A74-B660-B796813C021D}.Debug|Any CPU.Build.0 = Debug|Any CPU
		{5857594E-0BD7-4A74-B660-B796813C021D}.Release|Any CPU.ActiveCfg = Release|Any CPU
		{5857594E-0BD7-4A74-B660-B796813C021D}.Release|Any CPU.Build.0 = Release|Any CPU
		{D13F2CD6-40D9-4FED-85E6-978E0783DBA3}.Debug|Any CPU.ActiveCfg = Debug|Any CPU
		{D13F2CD6-40D9-4FED-85E6-978E0783DBA3}.Debug|Any CPU.Build.0 = Debug|Any CPU
		{D13F2CD6-40D9-4FED-85E6-978E0783DBA3}.Release|Any CPU.ActiveCfg = Release|Any CPU
		{D13F2CD6-40D9-4FED-85E6-978E0783DBA3}.Release|Any CPU.Build.0 = Release|Any CPU
		{92660DA5-647C-4BE6-A7DA-9A38EA334B39}.Debug|Any CPU.ActiveCfg = Debug|Any CPU
		{92660DA5-647C-4BE6-A7DA-9A38EA334B39}.Debug|Any CPU.Build.0 = Debug|Any CPU
		{92660DA5-647C-4BE6-A7DA-9A38EA334B39}.Release|Any CPU.ActiveCfg = Release|Any CPU
		{92660DA5-647C-4BE6-A7DA-9A38EA334B39}.Release|Any CPU.Build.0 = Release|Any CPU
		{E8578B38-AC86-478E-A681-77D1262DB2B1}.Debug|Any CPU.ActiveCfg = Debug|Any CPU
		{E8578B38-AC86-478E-A681-77D1262DB2B1}.Debug|Any CPU.Build.0 = Debug|Any CPU
		{E8578B38-AC86-478E-A681-77D1262DB2B1}.Release|Any CPU.ActiveCfg = Release|Any CPU
		{E8578B38-AC86-478E-A681-77D1262DB2B1}.Release|Any CPU.Build.0 = Release|Any CPU
		{40FF8711-B8AB-4F41-98AF-E52E4A9DAFDE}.Debug|Any CPU.ActiveCfg = Debug|Any CPU
		{40FF8711-B8AB-4F41-98AF-E52E4A9DAFDE}.Debug|Any CPU.Build.0 = Debug|Any CPU
		{40FF8711-B8AB-4F41-98AF-E52E4A9DAFDE}.Release|Any CPU.ActiveCfg = Release|Any CPU
		{40FF8711-B8AB-4F41-98AF-E52E4A9DAFDE}.Release|Any CPU.Build.0 = Release|Any CPU
		{FC401B04-1A27-4568-A2D9-CACD3971DCD8}.Debug|Any CPU.ActiveCfg = Debug|Any CPU
		{FC401B04-1A27-4568-A2D9-CACD3971DCD8}.Debug|Any CPU.Build.0 = Debug|Any CPU
		{FC401B04-1A27-4568-A2D9-CACD3971DCD8}.Release|Any CPU.ActiveCfg = Release|Any CPU
		{FC401B04-1A27-4568-A2D9-CACD3971DCD8}.Release|Any CPU.Build.0 = Release|Any CPU
		{497B22AC-C64A-430B-8A5B-37D2FDBED2A1}.Debug|Any CPU.ActiveCfg = Debug|Any CPU
		{497B22AC-C64A-430B-8A5B-37D2FDBED2A1}.Debug|Any CPU.Build.0 = Debug|Any CPU
		{497B22AC-C64A-430B-8A5B-37D2FDBED2A1}.Release|Any CPU.ActiveCfg = Release|Any CPU
		{497B22AC-C64A-430B-8A5B-37D2FDBED2A1}.Release|Any CPU.Build.0 = Release|Any CPU
		{E4D69F58-36C1-4890-8150-3D30C8098446}.Debug|Any CPU.ActiveCfg = Debug|Any CPU
		{E4D69F58-36C1-4890-8150-3D30C8098446}.Debug|Any CPU.Build.0 = Debug|Any CPU
		{E4D69F58-36C1-4890-8150-3D30C8098446}.Release|Any CPU.ActiveCfg = Release|Any CPU
		{E4D69F58-36C1-4890-8150-3D30C8098446}.Release|Any CPU.Build.0 = Release|Any CPU
		{207E3845-5B9E-4BDE-8221-86776858A677}.Debug|Any CPU.ActiveCfg = Debug|Any CPU
		{207E3845-5B9E-4BDE-8221-86776858A677}.Debug|Any CPU.Build.0 = Debug|Any CPU
		{207E3845-5B9E-4BDE-8221-86776858A677}.Release|Any CPU.ActiveCfg = Release|Any CPU
		{207E3845-5B9E-4BDE-8221-86776858A677}.Release|Any CPU.Build.0 = Release|Any CPU
		{74899866-BA64-4DEB-BB44-A85C7309271F}.Debug|Any CPU.ActiveCfg = Debug|Any CPU
		{74899866-BA64-4DEB-BB44-A85C7309271F}.Debug|Any CPU.Build.0 = Debug|Any CPU
		{74899866-BA64-4DEB-BB44-A85C7309271F}.Release|Any CPU.ActiveCfg = Release|Any CPU
		{74899866-BA64-4DEB-BB44-A85C7309271F}.Release|Any CPU.Build.0 = Release|Any CPU
		{4BECBCE0-B123-481B-B786-56114D25BE60}.Debug|Any CPU.ActiveCfg = Debug|Any CPU
		{4BECBCE0-B123-481B-B786-56114D25BE60}.Debug|Any CPU.Build.0 = Debug|Any CPU
		{4BECBCE0-B123-481B-B786-56114D25BE60}.Release|Any CPU.ActiveCfg = Release|Any CPU
		{4BECBCE0-B123-481B-B786-56114D25BE60}.Release|Any CPU.Build.0 = Release|Any CPU
		{D2CA67A7-9B1E-4949-8014-3795124D0093}.Debug|Any CPU.ActiveCfg = Debug|Any CPU
		{D2CA67A7-9B1E-4949-8014-3795124D0093}.Debug|Any CPU.Build.0 = Debug|Any CPU
		{D2CA67A7-9B1E-4949-8014-3795124D0093}.Release|Any CPU.ActiveCfg = Release|Any CPU
		{D2CA67A7-9B1E-4949-8014-3795124D0093}.Release|Any CPU.Build.0 = Release|Any CPU
		{CBCE9E64-FF0B-48A2-8FF4-6E7C62067C3E}.Debug|Any CPU.ActiveCfg = Debug|Any CPU
		{CBCE9E64-FF0B-48A2-8FF4-6E7C62067C3E}.Debug|Any CPU.Build.0 = Debug|Any CPU
		{CBCE9E64-FF0B-48A2-8FF4-6E7C62067C3E}.Release|Any CPU.ActiveCfg = Release|Any CPU
		{CBCE9E64-FF0B-48A2-8FF4-6E7C62067C3E}.Release|Any CPU.Build.0 = Release|Any CPU
		{695BF109-CE29-4CD0-835D-E97EB3866D29}.Debug|Any CPU.ActiveCfg = Debug|Any CPU
		{695BF109-CE29-4CD0-835D-E97EB3866D29}.Debug|Any CPU.Build.0 = Debug|Any CPU
		{695BF109-CE29-4CD0-835D-E97EB3866D29}.Release|Any CPU.ActiveCfg = Release|Any CPU
		{695BF109-CE29-4CD0-835D-E97EB3866D29}.Release|Any CPU.Build.0 = Release|Any CPU
		{A1CC283A-037E-471C-BE10-3C96ACEE922A}.Debug|Any CPU.ActiveCfg = Debug|Any CPU
		{A1CC283A-037E-471C-BE10-3C96ACEE922A}.Debug|Any CPU.Build.0 = Debug|Any CPU
		{A1CC283A-037E-471C-BE10-3C96ACEE922A}.Release|Any CPU.ActiveCfg = Release|Any CPU
		{A1CC283A-037E-471C-BE10-3C96ACEE922A}.Release|Any CPU.Build.0 = Release|Any CPU
		{3A5E72FD-CADF-4F86-B3D2-F8B96F734BA5}.Debug|Any CPU.ActiveCfg = Debug|Any CPU
		{3A5E72FD-CADF-4F86-B3D2-F8B96F734BA5}.Debug|Any CPU.Build.0 = Debug|Any CPU
		{3A5E72FD-CADF-4F86-B3D2-F8B96F734BA5}.Release|Any CPU.ActiveCfg = Release|Any CPU
		{3A5E72FD-CADF-4F86-B3D2-F8B96F734BA5}.Release|Any CPU.Build.0 = Release|Any CPU
		{24CFC372-8AFE-41F9-A8B9-1C983392E9CE}.Debug|Any CPU.ActiveCfg = Debug|Any CPU
		{24CFC372-8AFE-41F9-A8B9-1C983392E9CE}.Debug|Any CPU.Build.0 = Debug|Any CPU
		{24CFC372-8AFE-41F9-A8B9-1C983392E9CE}.Release|Any CPU.ActiveCfg = Release|Any CPU
		{24CFC372-8AFE-41F9-A8B9-1C983392E9CE}.Release|Any CPU.Build.0 = Release|Any CPU
		{A6A9B6F0-565D-4295-A184-295353CDC551}.Debug|Any CPU.ActiveCfg = Debug|Any CPU
		{A6A9B6F0-565D-4295-A184-295353CDC551}.Debug|Any CPU.Build.0 = Debug|Any CPU
		{A6A9B6F0-565D-4295-A184-295353CDC551}.Release|Any CPU.ActiveCfg = Release|Any CPU
		{A6A9B6F0-565D-4295-A184-295353CDC551}.Release|Any CPU.Build.0 = Release|Any CPU
		{58A4EA33-5676-4D86-B28E-92FE4D2A1678}.Debug|Any CPU.ActiveCfg = Debug|Any CPU
		{58A4EA33-5676-4D86-B28E-92FE4D2A1678}.Debug|Any CPU.Build.0 = Debug|Any CPU
		{58A4EA33-5676-4D86-B28E-92FE4D2A1678}.Release|Any CPU.ActiveCfg = Release|Any CPU
		{58A4EA33-5676-4D86-B28E-92FE4D2A1678}.Release|Any CPU.Build.0 = Release|Any CPU
		{C08F229E-23A8-4360-9388-82A732B38108}.Debug|Any CPU.ActiveCfg = Debug|Any CPU
		{C08F229E-23A8-4360-9388-82A732B38108}.Debug|Any CPU.Build.0 = Debug|Any CPU
		{C08F229E-23A8-4360-9388-82A732B38108}.Release|Any CPU.ActiveCfg = Release|Any CPU
		{C08F229E-23A8-4360-9388-82A732B38108}.Release|Any CPU.Build.0 = Release|Any CPU
		{453ECF27-558C-4EB5-BF6A-B325D0703103}.Debug|Any CPU.ActiveCfg = Debug|Any CPU
		{453ECF27-558C-4EB5-BF6A-B325D0703103}.Debug|Any CPU.Build.0 = Debug|Any CPU
		{453ECF27-558C-4EB5-BF6A-B325D0703103}.Release|Any CPU.ActiveCfg = Release|Any CPU
		{453ECF27-558C-4EB5-BF6A-B325D0703103}.Release|Any CPU.Build.0 = Release|Any CPU
		{DF7E6B6A-FA4C-45EE-A449-2862CD44BB05}.Debug|Any CPU.ActiveCfg = Debug|Any CPU
		{DF7E6B6A-FA4C-45EE-A449-2862CD44BB05}.Debug|Any CPU.Build.0 = Debug|Any CPU
		{DF7E6B6A-FA4C-45EE-A449-2862CD44BB05}.Release|Any CPU.ActiveCfg = Release|Any CPU
		{DF7E6B6A-FA4C-45EE-A449-2862CD44BB05}.Release|Any CPU.Build.0 = Release|Any CPU
		{DF73C042-4C7E-4B96-81C9-515F6CCB5494}.Debug|Any CPU.ActiveCfg = Debug|Any CPU
		{DF73C042-4C7E-4B96-81C9-515F6CCB5494}.Debug|Any CPU.Build.0 = Debug|Any CPU
		{DF73C042-4C7E-4B96-81C9-515F6CCB5494}.Release|Any CPU.ActiveCfg = Release|Any CPU
		{DF73C042-4C7E-4B96-81C9-515F6CCB5494}.Release|Any CPU.Build.0 = Release|Any CPU
		{BEF790F7-BA17-4380-B660-9E23B0189E5B}.Debug|Any CPU.ActiveCfg = Debug|Any CPU
		{BEF790F7-BA17-4380-B660-9E23B0189E5B}.Debug|Any CPU.Build.0 = Debug|Any CPU
		{BEF790F7-BA17-4380-B660-9E23B0189E5B}.Release|Any CPU.ActiveCfg = Release|Any CPU
		{BEF790F7-BA17-4380-B660-9E23B0189E5B}.Release|Any CPU.Build.0 = Release|Any CPU
		{B6BC711B-207E-4F27-AA94-E61AF7EC301D}.Debug|Any CPU.ActiveCfg = Debug|Any CPU
		{B6BC711B-207E-4F27-AA94-E61AF7EC301D}.Debug|Any CPU.Build.0 = Debug|Any CPU
		{B6BC711B-207E-4F27-AA94-E61AF7EC301D}.Release|Any CPU.ActiveCfg = Release|Any CPU
		{B6BC711B-207E-4F27-AA94-E61AF7EC301D}.Release|Any CPU.Build.0 = Release|Any CPU
		{3BECF413-F670-4BFD-A969-C3B1BCA32C90}.Debug|Any CPU.ActiveCfg = Debug|Any CPU
		{3BECF413-F670-4BFD-A969-C3B1BCA32C90}.Debug|Any CPU.Build.0 = Debug|Any CPU
		{3BECF413-F670-4BFD-A969-C3B1BCA32C90}.Release|Any CPU.ActiveCfg = Release|Any CPU
		{3BECF413-F670-4BFD-A969-C3B1BCA32C90}.Release|Any CPU.Build.0 = Release|Any CPU
		{DDA27B0A-CDB3-4895-BA71-619F2CE5F6EA}.Debug|Any CPU.ActiveCfg = Debug|Any CPU
		{DDA27B0A-CDB3-4895-BA71-619F2CE5F6EA}.Debug|Any CPU.Build.0 = Debug|Any CPU
		{DDA27B0A-CDB3-4895-BA71-619F2CE5F6EA}.Release|Any CPU.ActiveCfg = Release|Any CPU
		{DDA27B0A-CDB3-4895-BA71-619F2CE5F6EA}.Release|Any CPU.Build.0 = Release|Any CPU
		{774BFD4E-938D-4296-838E-49B03033422F}.Debug|Any CPU.ActiveCfg = Debug|Any CPU
		{774BFD4E-938D-4296-838E-49B03033422F}.Debug|Any CPU.Build.0 = Debug|Any CPU
		{774BFD4E-938D-4296-838E-49B03033422F}.Release|Any CPU.ActiveCfg = Release|Any CPU
		{774BFD4E-938D-4296-838E-49B03033422F}.Release|Any CPU.Build.0 = Release|Any CPU
		{11C8314B-0014-4960-AAEF-717995AE1FB0}.Debug|Any CPU.ActiveCfg = Debug|Any CPU
		{11C8314B-0014-4960-AAEF-717995AE1FB0}.Debug|Any CPU.Build.0 = Debug|Any CPU
		{11C8314B-0014-4960-AAEF-717995AE1FB0}.Release|Any CPU.ActiveCfg = Release|Any CPU
		{11C8314B-0014-4960-AAEF-717995AE1FB0}.Release|Any CPU.Build.0 = Release|Any CPU
		{6C68FE48-45FA-4E40-9A9B-3D9CF481B181}.Debug|Any CPU.ActiveCfg = Debug|Any CPU
		{6C68FE48-45FA-4E40-9A9B-3D9CF481B181}.Debug|Any CPU.Build.0 = Debug|Any CPU
		{6C68FE48-45FA-4E40-9A9B-3D9CF481B181}.Release|Any CPU.ActiveCfg = Release|Any CPU
		{6C68FE48-45FA-4E40-9A9B-3D9CF481B181}.Release|Any CPU.Build.0 = Release|Any CPU
		{2154211D-6574-4D1B-82DE-4C1A6FF4CA1E}.Debug|Any CPU.ActiveCfg = Debug|Any CPU
		{2154211D-6574-4D1B-82DE-4C1A6FF4CA1E}.Debug|Any CPU.Build.0 = Debug|Any CPU
		{2154211D-6574-4D1B-82DE-4C1A6FF4CA1E}.Release|Any CPU.ActiveCfg = Release|Any CPU
		{2154211D-6574-4D1B-82DE-4C1A6FF4CA1E}.Release|Any CPU.Build.0 = Release|Any CPU
		{1CEBA701-FD80-41EC-8FA4-5290F51C08B7}.Debug|Any CPU.ActiveCfg = Debug|Any CPU
		{1CEBA701-FD80-41EC-8FA4-5290F51C08B7}.Debug|Any CPU.Build.0 = Debug|Any CPU
		{1CEBA701-FD80-41EC-8FA4-5290F51C08B7}.Release|Any CPU.ActiveCfg = Release|Any CPU
		{1CEBA701-FD80-41EC-8FA4-5290F51C08B7}.Release|Any CPU.Build.0 = Release|Any CPU
		{4707F69E-D899-4414-83D1-936961FC32DF}.Debug|Any CPU.ActiveCfg = Debug|Any CPU
		{4707F69E-D899-4414-83D1-936961FC32DF}.Debug|Any CPU.Build.0 = Debug|Any CPU
		{4707F69E-D899-4414-83D1-936961FC32DF}.Release|Any CPU.ActiveCfg = Release|Any CPU
		{4707F69E-D899-4414-83D1-936961FC32DF}.Release|Any CPU.Build.0 = Release|Any CPU
		{F8F1C327-35E3-4C6A-AA83-282305F9FABF}.Debug|Any CPU.ActiveCfg = Debug|Any CPU
		{F8F1C327-35E3-4C6A-AA83-282305F9FABF}.Debug|Any CPU.Build.0 = Debug|Any CPU
		{F8F1C327-35E3-4C6A-AA83-282305F9FABF}.Release|Any CPU.ActiveCfg = Release|Any CPU
		{F8F1C327-35E3-4C6A-AA83-282305F9FABF}.Release|Any CPU.Build.0 = Release|Any CPU
		{C80082AF-9947-4D05-B85B-513392131669}.Debug|Any CPU.ActiveCfg = Debug|Any CPU
		{C80082AF-9947-4D05-B85B-513392131669}.Debug|Any CPU.Build.0 = Debug|Any CPU
		{C80082AF-9947-4D05-B85B-513392131669}.Release|Any CPU.ActiveCfg = Release|Any CPU
		{C80082AF-9947-4D05-B85B-513392131669}.Release|Any CPU.Build.0 = Release|Any CPU
		{19277F8A-7F02-40DB-A8C8-ECCFD36905BB}.Debug|Any CPU.ActiveCfg = Debug|Any CPU
		{19277F8A-7F02-40DB-A8C8-ECCFD36905BB}.Debug|Any CPU.Build.0 = Debug|Any CPU
		{19277F8A-7F02-40DB-A8C8-ECCFD36905BB}.Release|Any CPU.ActiveCfg = Release|Any CPU
		{19277F8A-7F02-40DB-A8C8-ECCFD36905BB}.Release|Any CPU.Build.0 = Release|Any CPU
		{3E5A2739-FEEF-471C-AE3D-F716A476373C}.Debug|Any CPU.ActiveCfg = Debug|Any CPU
		{3E5A2739-FEEF-471C-AE3D-F716A476373C}.Debug|Any CPU.Build.0 = Debug|Any CPU
		{3E5A2739-FEEF-471C-AE3D-F716A476373C}.Release|Any CPU.ActiveCfg = Release|Any CPU
		{3E5A2739-FEEF-471C-AE3D-F716A476373C}.Release|Any CPU.Build.0 = Release|Any CPU
		{26F8E1A0-290A-4163-8970-E3617319EE51}.Debug|Any CPU.ActiveCfg = Debug|Any CPU
		{26F8E1A0-290A-4163-8970-E3617319EE51}.Debug|Any CPU.Build.0 = Debug|Any CPU
		{26F8E1A0-290A-4163-8970-E3617319EE51}.Release|Any CPU.ActiveCfg = Release|Any CPU
		{26F8E1A0-290A-4163-8970-E3617319EE51}.Release|Any CPU.Build.0 = Release|Any CPU
		{BBCC4424-B2D7-4664-AF13-42B1AE430842}.Debug|Any CPU.ActiveCfg = Debug|Any CPU
		{BBCC4424-B2D7-4664-AF13-42B1AE430842}.Debug|Any CPU.Build.0 = Debug|Any CPU
		{BBCC4424-B2D7-4664-AF13-42B1AE430842}.Release|Any CPU.ActiveCfg = Release|Any CPU
		{BBCC4424-B2D7-4664-AF13-42B1AE430842}.Release|Any CPU.Build.0 = Release|Any CPU
		{A7B5B3C9-97F2-446B-899E-88AC0603C6C9}.Debug|Any CPU.ActiveCfg = Debug|Any CPU
		{A7B5B3C9-97F2-446B-899E-88AC0603C6C9}.Debug|Any CPU.Build.0 = Debug|Any CPU
		{A7B5B3C9-97F2-446B-899E-88AC0603C6C9}.Release|Any CPU.ActiveCfg = Release|Any CPU
		{A7B5B3C9-97F2-446B-899E-88AC0603C6C9}.Release|Any CPU.Build.0 = Release|Any CPU
		{DEFA3EDC-C041-4004-A917-BCE0999A5AC6}.Debug|Any CPU.ActiveCfg = Debug|Any CPU
		{DEFA3EDC-C041-4004-A917-BCE0999A5AC6}.Debug|Any CPU.Build.0 = Debug|Any CPU
		{DEFA3EDC-C041-4004-A917-BCE0999A5AC6}.Release|Any CPU.ActiveCfg = Release|Any CPU
		{DEFA3EDC-C041-4004-A917-BCE0999A5AC6}.Release|Any CPU.Build.0 = Release|Any CPU
		{1C4F06AE-9820-4EB4-BE93-1554E326EDDD}.Debug|Any CPU.ActiveCfg = Debug|Any CPU
		{1C4F06AE-9820-4EB4-BE93-1554E326EDDD}.Debug|Any CPU.Build.0 = Debug|Any CPU
		{1C4F06AE-9820-4EB4-BE93-1554E326EDDD}.Release|Any CPU.ActiveCfg = Release|Any CPU
		{1C4F06AE-9820-4EB4-BE93-1554E326EDDD}.Release|Any CPU.Build.0 = Release|Any CPU
		{93794FA3-A23A-442C-83BE-4B42C012FDB2}.Debug|Any CPU.ActiveCfg = Debug|Any CPU
		{93794FA3-A23A-442C-83BE-4B42C012FDB2}.Debug|Any CPU.Build.0 = Debug|Any CPU
		{93794FA3-A23A-442C-83BE-4B42C012FDB2}.Release|Any CPU.ActiveCfg = Release|Any CPU
		{93794FA3-A23A-442C-83BE-4B42C012FDB2}.Release|Any CPU.Build.0 = Release|Any CPU
		{44295B06-1379-47CF-8A8A-7543E068802A}.Debug|Any CPU.ActiveCfg = Debug|Any CPU
		{44295B06-1379-47CF-8A8A-7543E068802A}.Debug|Any CPU.Build.0 = Debug|Any CPU
		{44295B06-1379-47CF-8A8A-7543E068802A}.Release|Any CPU.ActiveCfg = Release|Any CPU
		{44295B06-1379-47CF-8A8A-7543E068802A}.Release|Any CPU.Build.0 = Release|Any CPU
		{EC23FA2C-8D4B-4C13-A1A7-28B73E8B1337}.Debug|Any CPU.ActiveCfg = Debug|Any CPU
		{EC23FA2C-8D4B-4C13-A1A7-28B73E8B1337}.Debug|Any CPU.Build.0 = Debug|Any CPU
		{EC23FA2C-8D4B-4C13-A1A7-28B73E8B1337}.Release|Any CPU.ActiveCfg = Release|Any CPU
		{EC23FA2C-8D4B-4C13-A1A7-28B73E8B1337}.Release|Any CPU.Build.0 = Release|Any CPU
		{80CF7D52-0C8D-4933-976C-BC45AE550DD4}.Debug|Any CPU.ActiveCfg = Debug|Any CPU
		{80CF7D52-0C8D-4933-976C-BC45AE550DD4}.Debug|Any CPU.Build.0 = Debug|Any CPU
		{80CF7D52-0C8D-4933-976C-BC45AE550DD4}.Release|Any CPU.ActiveCfg = Release|Any CPU
		{80CF7D52-0C8D-4933-976C-BC45AE550DD4}.Release|Any CPU.Build.0 = Release|Any CPU
		{F85D77B6-DD6D-40CD-8D2D-12707A6DCCF8}.Debug|Any CPU.ActiveCfg = Debug|Any CPU
		{F85D77B6-DD6D-40CD-8D2D-12707A6DCCF8}.Debug|Any CPU.Build.0 = Debug|Any CPU
		{F85D77B6-DD6D-40CD-8D2D-12707A6DCCF8}.Release|Any CPU.ActiveCfg = Release|Any CPU
		{F85D77B6-DD6D-40CD-8D2D-12707A6DCCF8}.Release|Any CPU.Build.0 = Release|Any CPU
		{14185AD5-AC1D-4A20-AD67-A30E6883D8E4}.Debug|Any CPU.ActiveCfg = Debug|Any CPU
		{14185AD5-AC1D-4A20-AD67-A30E6883D8E4}.Debug|Any CPU.Build.0 = Debug|Any CPU
		{14185AD5-AC1D-4A20-AD67-A30E6883D8E4}.Release|Any CPU.ActiveCfg = Release|Any CPU
		{14185AD5-AC1D-4A20-AD67-A30E6883D8E4}.Release|Any CPU.Build.0 = Release|Any CPU
		{08887589-6161-43F2-B4A8-D9354E414A9A}.Debug|Any CPU.ActiveCfg = Debug|Any CPU
		{08887589-6161-43F2-B4A8-D9354E414A9A}.Debug|Any CPU.Build.0 = Debug|Any CPU
		{08887589-6161-43F2-B4A8-D9354E414A9A}.Release|Any CPU.ActiveCfg = Release|Any CPU
		{08887589-6161-43F2-B4A8-D9354E414A9A}.Release|Any CPU.Build.0 = Release|Any CPU
		{91DCA2C7-9B27-481B-A2D5-846DB4495D9E}.Debug|Any CPU.ActiveCfg = Debug|Any CPU
		{91DCA2C7-9B27-481B-A2D5-846DB4495D9E}.Debug|Any CPU.Build.0 = Debug|Any CPU
		{91DCA2C7-9B27-481B-A2D5-846DB4495D9E}.Release|Any CPU.ActiveCfg = Release|Any CPU
		{91DCA2C7-9B27-481B-A2D5-846DB4495D9E}.Release|Any CPU.Build.0 = Release|Any CPU
		{97A41878-9428-4499-84EC-997CD3A996CA}.Debug|Any CPU.ActiveCfg = Debug|Any CPU
		{97A41878-9428-4499-84EC-997CD3A996CA}.Debug|Any CPU.Build.0 = Debug|Any CPU
		{97A41878-9428-4499-84EC-997CD3A996CA}.Release|Any CPU.ActiveCfg = Release|Any CPU
		{97A41878-9428-4499-84EC-997CD3A996CA}.Release|Any CPU.Build.0 = Release|Any CPU
		{670EC5AF-8591-413F-97CE-F98039317579}.Debug|Any CPU.ActiveCfg = Debug|Any CPU
		{670EC5AF-8591-413F-97CE-F98039317579}.Debug|Any CPU.Build.0 = Debug|Any CPU
		{670EC5AF-8591-413F-97CE-F98039317579}.Release|Any CPU.ActiveCfg = Release|Any CPU
		{670EC5AF-8591-413F-97CE-F98039317579}.Release|Any CPU.Build.0 = Release|Any CPU
		{8D870D0B-653B-4A3A-BB0F-5AD0D4BBC58D}.Debug|Any CPU.ActiveCfg = Debug|Any CPU
		{8D870D0B-653B-4A3A-BB0F-5AD0D4BBC58D}.Debug|Any CPU.Build.0 = Debug|Any CPU
		{8D870D0B-653B-4A3A-BB0F-5AD0D4BBC58D}.Release|Any CPU.ActiveCfg = Release|Any CPU
		{8D870D0B-653B-4A3A-BB0F-5AD0D4BBC58D}.Release|Any CPU.Build.0 = Release|Any CPU
		{3E76BEDF-CF60-48AC-B821-40E88FF1FBAD}.Debug|Any CPU.ActiveCfg = Debug|Any CPU
		{3E76BEDF-CF60-48AC-B821-40E88FF1FBAD}.Debug|Any CPU.Build.0 = Debug|Any CPU
		{3E76BEDF-CF60-48AC-B821-40E88FF1FBAD}.Release|Any CPU.ActiveCfg = Release|Any CPU
		{3E76BEDF-CF60-48AC-B821-40E88FF1FBAD}.Release|Any CPU.Build.0 = Release|Any CPU
		{0B95AB94-BA93-420D-9A66-943A80F1F67B}.Debug|Any CPU.ActiveCfg = Debug|Any CPU
		{0B95AB94-BA93-420D-9A66-943A80F1F67B}.Debug|Any CPU.Build.0 = Debug|Any CPU
		{0B95AB94-BA93-420D-9A66-943A80F1F67B}.Release|Any CPU.ActiveCfg = Release|Any CPU
		{0B95AB94-BA93-420D-9A66-943A80F1F67B}.Release|Any CPU.Build.0 = Release|Any CPU
		{C92C2E37-3562-4A35-AEC3-46C1593F19DF}.Debug|Any CPU.ActiveCfg = Debug|Any CPU
		{C92C2E37-3562-4A35-AEC3-46C1593F19DF}.Debug|Any CPU.Build.0 = Debug|Any CPU
		{C92C2E37-3562-4A35-AEC3-46C1593F19DF}.Release|Any CPU.ActiveCfg = Release|Any CPU
		{C92C2E37-3562-4A35-AEC3-46C1593F19DF}.Release|Any CPU.Build.0 = Release|Any CPU
		{BF890958-DE0B-42CA-85CA-0F552D3FED35}.Debug|Any CPU.ActiveCfg = Debug|Any CPU
		{BF890958-DE0B-42CA-85CA-0F552D3FED35}.Debug|Any CPU.Build.0 = Debug|Any CPU
		{BF890958-DE0B-42CA-85CA-0F552D3FED35}.Release|Any CPU.ActiveCfg = Release|Any CPU
		{BF890958-DE0B-42CA-85CA-0F552D3FED35}.Release|Any CPU.Build.0 = Release|Any CPU
		{DDF54325-81D5-464F-A20B-1542092C3EAE}.Debug|Any CPU.ActiveCfg = Debug|Any CPU
		{DDF54325-81D5-464F-A20B-1542092C3EAE}.Debug|Any CPU.Build.0 = Debug|Any CPU
		{DDF54325-81D5-464F-A20B-1542092C3EAE}.Release|Any CPU.ActiveCfg = Release|Any CPU
		{DDF54325-81D5-464F-A20B-1542092C3EAE}.Release|Any CPU.Build.0 = Release|Any CPU
		{590EF65E-3CB9-4D91-BFDC-0D0A3118FD14}.Debug|Any CPU.ActiveCfg = Debug|Any CPU
		{590EF65E-3CB9-4D91-BFDC-0D0A3118FD14}.Debug|Any CPU.Build.0 = Debug|Any CPU
		{590EF65E-3CB9-4D91-BFDC-0D0A3118FD14}.Release|Any CPU.ActiveCfg = Release|Any CPU
		{590EF65E-3CB9-4D91-BFDC-0D0A3118FD14}.Release|Any CPU.Build.0 = Release|Any CPU
	EndGlobalSection
	GlobalSection(SolutionProperties) = preSolution
		HideSolutionNode = FALSE
	EndGlobalSection
	GlobalSection(NestedProjects) = preSolution
		{A1CE439E-E86C-4A38-A93A-B71216EAF8EB} = {45C277D8-A6F7-4B92-9C3E-EAD36980A64E}
		{62E879D6-6F4D-4187-BE40-8F06B6B12B90} = {45C277D8-A6F7-4B92-9C3E-EAD36980A64E}
		{109BBD4A-8108-44F9-B84E-4D072596B195} = {45C277D8-A6F7-4B92-9C3E-EAD36980A64E}
		{5857594E-0BD7-4A74-B660-B796813C021D} = {45C277D8-A6F7-4B92-9C3E-EAD36980A64E}
		{D13F2CD6-40D9-4FED-85E6-978E0783DBA3} = {45C277D8-A6F7-4B92-9C3E-EAD36980A64E}
		{92660DA5-647C-4BE6-A7DA-9A38EA334B39} = {45C277D8-A6F7-4B92-9C3E-EAD36980A64E}
		{E8578B38-AC86-478E-A681-77D1262DB2B1} = {45C277D8-A6F7-4B92-9C3E-EAD36980A64E}
		{40FF8711-B8AB-4F41-98AF-E52E4A9DAFDE} = {45C277D8-A6F7-4B92-9C3E-EAD36980A64E}
		{FC401B04-1A27-4568-A2D9-CACD3971DCD8} = {45C277D8-A6F7-4B92-9C3E-EAD36980A64E}
		{497B22AC-C64A-430B-8A5B-37D2FDBED2A1} = {45C277D8-A6F7-4B92-9C3E-EAD36980A64E}
		{E4D69F58-36C1-4890-8150-3D30C8098446} = {45C277D8-A6F7-4B92-9C3E-EAD36980A64E}
		{207E3845-5B9E-4BDE-8221-86776858A677} = {45C277D8-A6F7-4B92-9C3E-EAD36980A64E}
		{74899866-BA64-4DEB-BB44-A85C7309271F} = {45C277D8-A6F7-4B92-9C3E-EAD36980A64E}
		{4BECBCE0-B123-481B-B786-56114D25BE60} = {45C277D8-A6F7-4B92-9C3E-EAD36980A64E}
		{D2CA67A7-9B1E-4949-8014-3795124D0093} = {45C277D8-A6F7-4B92-9C3E-EAD36980A64E}
		{CBCE9E64-FF0B-48A2-8FF4-6E7C62067C3E} = {45C277D8-A6F7-4B92-9C3E-EAD36980A64E}
		{695BF109-CE29-4CD0-835D-E97EB3866D29} = {45C277D8-A6F7-4B92-9C3E-EAD36980A64E}
		{A1CC283A-037E-471C-BE10-3C96ACEE922A} = {45C277D8-A6F7-4B92-9C3E-EAD36980A64E}
		{3A5E72FD-CADF-4F86-B3D2-F8B96F734BA5} = {45C277D8-A6F7-4B92-9C3E-EAD36980A64E}
		{24CFC372-8AFE-41F9-A8B9-1C983392E9CE} = {45C277D8-A6F7-4B92-9C3E-EAD36980A64E}
		{A6A9B6F0-565D-4295-A184-295353CDC551} = {45C277D8-A6F7-4B92-9C3E-EAD36980A64E}
		{58A4EA33-5676-4D86-B28E-92FE4D2A1678} = {45C277D8-A6F7-4B92-9C3E-EAD36980A64E}
		{C08F229E-23A8-4360-9388-82A732B38108} = {45C277D8-A6F7-4B92-9C3E-EAD36980A64E}
		{453ECF27-558C-4EB5-BF6A-B325D0703103} = {45C277D8-A6F7-4B92-9C3E-EAD36980A64E}
		{DF7E6B6A-FA4C-45EE-A449-2862CD44BB05} = {45C277D8-A6F7-4B92-9C3E-EAD36980A64E}
		{DF73C042-4C7E-4B96-81C9-515F6CCB5494} = {4F0E835E-0BE4-47A6-A3AA-01C49FD11056}
		{BEF790F7-BA17-4380-B660-9E23B0189E5B} = {4F0E835E-0BE4-47A6-A3AA-01C49FD11056}
		{B6BC711B-207E-4F27-AA94-E61AF7EC301D} = {4F0E835E-0BE4-47A6-A3AA-01C49FD11056}
		{3BECF413-F670-4BFD-A969-C3B1BCA32C90} = {0607AEBA-E6CE-4F69-8B1C-FBED8EC9F4E5}
		{DDA27B0A-CDB3-4895-BA71-619F2CE5F6EA} = {0607AEBA-E6CE-4F69-8B1C-FBED8EC9F4E5}
		{774BFD4E-938D-4296-838E-49B03033422F} = {0607AEBA-E6CE-4F69-8B1C-FBED8EC9F4E5}
		{11C8314B-0014-4960-AAEF-717995AE1FB0} = {5C52FE73-0C06-4769-9EB3-089F8AAA7A8F}
		{6C68FE48-45FA-4E40-9A9B-3D9CF481B181} = {5C52FE73-0C06-4769-9EB3-089F8AAA7A8F}
		{2154211D-6574-4D1B-82DE-4C1A6FF4CA1E} = {5C52FE73-0C06-4769-9EB3-089F8AAA7A8F}
		{1CEBA701-FD80-41EC-8FA4-5290F51C08B7} = {5C52FE73-0C06-4769-9EB3-089F8AAA7A8F}
		{4707F69E-D899-4414-83D1-936961FC32DF} = {68C24083-47D0-410C-A048-960C32EC798A}
		{F8F1C327-35E3-4C6A-AA83-282305F9FABF} = {68C24083-47D0-410C-A048-960C32EC798A}
		{C80082AF-9947-4D05-B85B-513392131669} = {5C52FE73-0C06-4769-9EB3-089F8AAA7A8F}
		{19277F8A-7F02-40DB-A8C8-ECCFD36905BB} = {5C52FE73-0C06-4769-9EB3-089F8AAA7A8F}
		{3E5A2739-FEEF-471C-AE3D-F716A476373C} = {06A91942-0903-483C-9A43-D5CB8B59DAD9}
		{26F8E1A0-290A-4163-8970-E3617319EE51} = {06A91942-0903-483C-9A43-D5CB8B59DAD9}
		{BBCC4424-B2D7-4664-AF13-42B1AE430842} = {4F0E835E-0BE4-47A6-A3AA-01C49FD11056}
		{A7B5B3C9-97F2-446B-899E-88AC0603C6C9} = {4F0E835E-0BE4-47A6-A3AA-01C49FD11056}
		{DEFA3EDC-C041-4004-A917-BCE0999A5AC6} = {48D53F07-AE30-49B6-968D-CC63D43BD692}
		{1C4F06AE-9820-4EB4-BE93-1554E326EDDD} = {48D53F07-AE30-49B6-968D-CC63D43BD692}
		{93794FA3-A23A-442C-83BE-4B42C012FDB2} = {D11CF832-F4F4-41F5-AF75-DEDFB1099A79}
		{44295B06-1379-47CF-8A8A-7543E068802A} = {48D53F07-AE30-49B6-968D-CC63D43BD692}
		{EC23FA2C-8D4B-4C13-A1A7-28B73E8B1337} = {48D53F07-AE30-49B6-968D-CC63D43BD692}
		{80CF7D52-0C8D-4933-976C-BC45AE550DD4} = {48D53F07-AE30-49B6-968D-CC63D43BD692}
		{F85D77B6-DD6D-40CD-8D2D-12707A6DCCF8} = {82ECE402-D957-4403-8583-29FA4DEB4683}
		{14185AD5-AC1D-4A20-AD67-A30E6883D8E4} = {82ECE402-D957-4403-8583-29FA4DEB4683}
		{08887589-6161-43F2-B4A8-D9354E414A9A} = {82ECE402-D957-4403-8583-29FA4DEB4683}
		{91DCA2C7-9B27-481B-A2D5-846DB4495D9E} = {166A3283-3155-48A9-8CD4-F29B97D1B327}
		{97A41878-9428-4499-84EC-997CD3A996CA} = {166A3283-3155-48A9-8CD4-F29B97D1B327}
		{670EC5AF-8591-413F-97CE-F98039317579} = {166A3283-3155-48A9-8CD4-F29B97D1B327}
		{8D870D0B-653B-4A3A-BB0F-5AD0D4BBC58D} = {B12D9456-F453-4A71-A831-5A634442E5DE}
		{3E76BEDF-CF60-48AC-B821-40E88FF1FBAD} = {B12D9456-F453-4A71-A831-5A634442E5DE}
		{0B95AB94-BA93-420D-9A66-943A80F1F67B} = {B12D9456-F453-4A71-A831-5A634442E5DE}
		{C92C2E37-3562-4A35-AEC3-46C1593F19DF} = {A622D9B5-011B-4590-B309-26C0E013EA3D}
		{BF890958-DE0B-42CA-85CA-0F552D3FED35} = {0977AA60-D7E8-42B9-9788-23CC5A0F5360}
		{DDF54325-81D5-464F-A20B-1542092C3EAE} = {0977AA60-D7E8-42B9-9788-23CC5A0F5360}
		{590EF65E-3CB9-4D91-BFDC-0D0A3118FD14} = {0977AA60-D7E8-42B9-9788-23CC5A0F5360}
	EndGlobalSection
	GlobalSection(ExtensibilityGlobals) = postSolution
		SolutionGuid = {4254CE46-382D-41D1-8871-F8196BD4F85E}
	EndGlobalSection
EndGlobal
